// !$*UTF8*$!
{
	archiveVersion = 1;
	classes = {
	};
	objectVersion = 46;
	objects = {

/* Begin PBXBuildFile section */
		CE1FBFEC159DE65B007E81C2 /* imxusbtool.c in Sources */ = {isa = PBXBuildFile; fileRef = CE1FBFEB159DE65B007E81C2 /* imxusbtool.c */; };
		CE1FBFED159DE6A7007E81C2 /* libiMXUSB.dylib in Frameworks */ = {isa = PBXBuildFile; fileRef = CE1FBFEA159DE64D007E81C2 /* libiMXUSB.dylib */; };
/* End PBXBuildFile section */

/* Begin PBXContainerItemProxy section */
		CE1FBFE9159DE64D007E81C2 /* PBXContainerItemProxy */ = {
			isa = PBXContainerItemProxy;
			containerPortal = CE1FBFE2159DE64D007E81C2 /* iMXUSB.xcodeproj */;
			proxyType = 2;
			remoteGlobalIDString = CE0D97EB159DD6E6001FF647;
			remoteInfo = iMXUSB;
		};
/* End PBXContainerItemProxy section */

/* Begin PBXCopyFilesBuildPhase section */
		CE1FBFCE159DE623007E81C2 /* CopyFiles */ = {
			isa = PBXCopyFilesBuildPhase;
			buildActionMask = 2147483647;
			dstPath = /usr/share/man/man1/;
			dstSubfolderSpec = 0;
			files = (
			);
			runOnlyForDeploymentPostprocessing = 1;
		};
/* End PBXCopyFilesBuildPhase section */

/* Begin PBXFileReference section */
		CE1FBFD0159DE623007E81C2 /* iMXUSBTool */ = {isa = PBXFileReference; explicitFileType = "compiled.mach-o.executable"; includeInIndex = 0; path = iMXUSBTool; sourceTree = BUILT_PRODUCTS_DIR; };
		CE1FBFE2159DE64D007E81C2 /* iMXUSB.xcodeproj */ = {isa = PBXFileReference; lastKnownFileType = "wrapper.pb-project"; path = iMXUSB.xcodeproj; sourceTree = "<group>"; };
		CE1FBFEB159DE65B007E81C2 /* imxusbtool.c */ = {isa = PBXFileReference; fileEncoding = 4; lastKnownFileType = sourcecode.c.c; name = imxusbtool.c; path = iMXUSB/imxusbtool.c; sourceTree = SOURCE_ROOT; };
/* End PBXFileReference section */

/* Begin PBXFrameworksBuildPhase section */
		CE1FBFCD159DE623007E81C2 /* Frameworks */ = {
			isa = PBXFrameworksBuildPhase;
			buildActionMask = 2147483647;
			files = (
				CE1FBFED159DE6A7007E81C2 /* libiMXUSB.dylib in Frameworks */,
			);
			runOnlyForDeploymentPostprocessing = 0;
		};
/* End PBXFrameworksBuildPhase section */

/* Begin PBXGroup section */
		CE1FBFC5159DE622007E81C2 = {
			isa = PBXGroup;
			children = (
				CE1FBFE2159DE64D007E81C2 /* iMXUSB.xcodeproj */,
				CE1FBFD3159DE623007E81C2 /* iMXUSBTool */,
				CE1FBFD1159DE623007E81C2 /* Products */,
			);
			sourceTree = "<group>";
		};
		CE1FBFD1159DE623007E81C2 /* Products */ = {
			isa = PBXGroup;
			children = (
				CE1FBFD0159DE623007E81C2 /* iMXUSBTool */,
			);
			name = Products;
			sourceTree = "<group>";
		};
		CE1FBFD3159DE623007E81C2 /* iMXUSBTool */ = {
			isa = PBXGroup;
			children = (
				CE1FBFEB159DE65B007E81C2 /* imxusbtool.c */,
			);
			path = iMXUSBTool;
			sourceTree = "<group>";
		};
		CE1FBFE3159DE64D007E81C2 /* Products */ = {
			isa = PBXGroup;
			children = (
				CE1FBFEA159DE64D007E81C2 /* libiMXUSB.dylib */,
			);
			name = Products;
			sourceTree = "<group>";
		};
/* End PBXGroup section */

/* Begin PBXNativeTarget section */
		CE1FBFCF159DE623007E81C2 /* iMXUSBTool */ = {
			isa = PBXNativeTarget;
			buildConfigurationList = CE1FBFDA159DE624007E81C2 /* Build configuration list for PBXNativeTarget "iMXUSBTool" */;
			buildPhases = (
				CE1FBFCC159DE623007E81C2 /* Sources */,
				CE1FBFCD159DE623007E81C2 /* Frameworks */,
				CE1FBFCE159DE623007E81C2 /* CopyFiles */,
			);
			buildRules = (
			);
			dependencies = (
			);
			name = iMXUSBTool;
			productName = iMXUSBTool;
			productReference = CE1FBFD0159DE623007E81C2 /* iMXUSBTool */;
			productType = "com.apple.product-type.tool";
		};
/* End PBXNativeTarget section */

/* Begin PBXProject section */
		CE1FBFC7159DE622007E81C2 /* Project object */ = {
			isa = PBXProject;
			attributes = {
				LastUpgradeCheck = 0430;
			};
			buildConfigurationList = CE1FBFCA159DE622007E81C2 /* Build configuration list for PBXProject "iMXUSBTool" */;
			compatibilityVersion = "Xcode 3.2";
			developmentRegion = English;
			hasScannedForEncodings = 0;
			knownRegions = (
				en,
			);
			mainGroup = CE1FBFC5159DE622007E81C2;
			productRefGroup = CE1FBFD1159DE623007E81C2 /* Products */;
			projectDirPath = "";
			projectReferences = (
				{
					ProductGroup = CE1FBFE3159DE64D007E81C2 /* Products */;
					ProjectRef = CE1FBFE2159DE64D007E81C2 /* iMXUSB.xcodeproj */;
				},
			);
			projectRoot = "";
			targets = (
				CE1FBFCF159DE623007E81C2 /* iMXUSBTool */,
			);
		};
/* End PBXProject section */

/* Begin PBXReferenceProxy section */
		CE1FBFEA159DE64D007E81C2 /* libiMXUSB.dylib */ = {
			isa = PBXReferenceProxy;
			fileType = "compiled.mach-o.dylib";
			path = libiMXUSB.dylib;
			remoteRef = CE1FBFE9159DE64D007E81C2 /* PBXContainerItemProxy */;
			sourceTree = BUILT_PRODUCTS_DIR;
		};
/* End PBXReferenceProxy section */

/* Begin PBXSourcesBuildPhase section */
		CE1FBFCC159DE623007E81C2 /* Sources */ = {
			isa = PBXSourcesBuildPhase;
			buildActionMask = 2147483647;
			files = (
				CE1FBFEC159DE65B007E81C2 /* imxusbtool.c in Sources */,
			);
			runOnlyForDeploymentPostprocessing = 0;
		};
/* End PBXSourcesBuildPhase section */

/* Begin XCBuildConfiguration section */
		CE1FBFD8159DE624007E81C2 /* Debug */ = {
			isa = XCBuildConfiguration;
			buildSettings = {
				ALWAYS_SEARCH_USER_PATHS = NO;
				ARCHS = "$(ARCHS_STANDARD_64_BIT)";
				COPY_PHASE_STRIP = NO;
				GCC_C_LANGUAGE_STANDARD = gnu99;
				GCC_DYNAMIC_NO_PIC = NO;
				GCC_ENABLE_OBJC_EXCEPTIONS = YES;
				GCC_OPTIMIZATION_LEVEL = 0;
				GCC_PREPROCESSOR_DEFINITIONS = (
					"DEBUG=1",
					"$(inherited)",
				);
				GCC_SYMBOLS_PRIVATE_EXTERN = NO;
				GCC_VERSION = com.apple.compilers.llvm.clang.1_0;
				GCC_WARN_64_TO_32_BIT_CONVERSION = YES;
				GCC_WARN_ABOUT_RETURN_TYPE = YES;
				GCC_WARN_UNINITIALIZED_AUTOS = YES;
				GCC_WARN_UNUSED_VARIABLE = YES;
				MACOSX_DEPLOYMENT_TARGET = 10.7;
				ONLY_ACTIVE_ARCH = YES;
				SDKROOT = macosx;
			};
			name = Debug;
		};
		CE1FBFD9159DE624007E81C2 /* Release */ = {
			isa = XCBuildConfiguration;
			buildSettings = {
				ALWAYS_SEARCH_USER_PATHS = NO;
				ARCHS = "$(ARCHS_STANDARD_64_BIT)";
				COPY_PHASE_STRIP = YES;
				DEBUG_INFORMATION_FORMAT = "dwarf-with-dsym";
				GCC_C_LANGUAGE_STANDARD = gnu99;
				GCC_ENABLE_OBJC_EXCEPTIONS = YES;
				GCC_VERSION = com.apple.compilers.llvm.clang.1_0;
				GCC_WARN_64_TO_32_BIT_CONVERSION = YES;
				GCC_WARN_ABOUT_RETURN_TYPE = YES;
				GCC_WARN_UNINITIALIZED_AUTOS = YES;
				GCC_WARN_UNUSED_VARIABLE = YES;
				MACOSX_DEPLOYMENT_TARGET = 10.7;
				SDKROOT = macosx;
			};
			name = Release;
		};
		CE1FBFDB159DE624007E81C2 /* Debug */ = {
			isa = XCBuildConfiguration;
			buildSettings = {
				PRODUCT_NAME = "$(TARGET_NAME)";
			};
			name = Debug;
		};
		CE1FBFDC159DE624007E81C2 /* Release */ = {
			isa = XCBuildConfiguration;
			buildSettings = {
				PRODUCT_NAME = "$(TARGET_NAME)";
			};
			name = Release;
		};
/* End XCBuildConfiguration section */

/* Begin XCConfigurationList section */
		CE1FBFCA159DE622007E81C2 /* Build configuration list for PBXProject "iMXUSBTool" */ = {
			isa = XCConfigurationList;
			buildConfigurations = (
				CE1FBFD8159DE624007E81C2 /* Debug */,
				CE1FBFD9159DE624007E81C2 /* Release */,
			);
			defaultConfigurationIsVisible = 0;
			defaultConfigurationName = Release;
		};
		CE1FBFDA159DE624007E81C2 /* Build configuration list for PBXNativeTarget "iMXUSBTool" */ = {
			isa = XCConfigurationList;
			buildConfigurations = (
				CE1FBFDB159DE624007E81C2 /* Debug */,
				CE1FBFDC159DE624007E81C2 /* Release */,
			);
			defaultConfigurationIsVisible = 0;
			defaultConfigurationName = Release;
		};
/* End XCConfigurationList section */
	};
	rootObject = CE1FBFC7159DE622007E81C2 /* Project object */;
}
